// !$*UTF8*$!
{
	archiveVersion = 1;
	classes = {
	};
	objectVersion = 56;
	objects = {

/* Begin PBXBuildFile section */
		0897F15E2D2E61E30091D1FE /* FlashZillaApp.swift in Sources */ = {isa = PBXBuildFile; fileRef = 0897F15D2D2E61E30091D1FE /* FlashZillaApp.swift */; };
		0897F1602D2E61E30091D1FE /* ContentView.swift in Sources */ = {isa = PBXBuildFile; fileRef = 0897F15F2D2E61E30091D1FE /* ContentView.swift */; };
		0897F1622D2E61E40091D1FE /* Assets.xcassets in Resources */ = {isa = PBXBuildFile; fileRef = 0897F1612D2E61E40091D1FE /* Assets.xcassets */; };
		0897F1652D2E61E40091D1FE /* Preview Assets.xcassets in Resources */ = {isa = PBXBuildFile; fileRef = 0897F1642D2E61E40091D1FE /* Preview Assets.xcassets */; };
		0897F16D2D2E6D370091D1FE /* HitTestingView.swift in Sources */ = {isa = PBXBuildFile; fileRef = 0897F16C2D2E6D370091D1FE /* HitTestingView.swift */; };
		0897F16F2D2E77740091D1FE /* CombineDemo.swift in Sources */ = {isa = PBXBuildFile; fileRef = 0897F16E2D2E77740091D1FE /* CombineDemo.swift */; };
		0897F1712D2E89830091D1FE /* MovingAppToBackgroundView.swift in Sources */ = {isa = PBXBuildFile; fileRef = 0897F1702D2E89830091D1FE /* MovingAppToBackgroundView.swift */; };
		0897F1732D2E8A1C0091D1FE /* AccesibilityStandardView.swift in Sources */ = {isa = PBXBuildFile; fileRef = 0897F1722D2E8A1C0091D1FE /* AccesibilityStandardView.swift */; };
		0897F1752D2E8E770091D1FE /* ActualAppView.swift in Sources */ = {isa = PBXBuildFile; fileRef = 0897F1742D2E8E770091D1FE /* ActualAppView.swift */; };
		0897F1772D2E8EE20091D1FE /* Card.swift in Sources */ = {isa = PBXBuildFile; fileRef = 0897F1762D2E8EE20091D1FE /* Card.swift */; };
		0897F1792D2E8FE50091D1FE /* CardView.swift in Sources */ = {isa = PBXBuildFile; fileRef = 0897F1782D2E8FE50091D1FE /* CardView.swift */; };
		08A1CFE62D31698A007BC571 /* Dragable.swift in Sources */ = {isa = PBXBuildFile; fileRef = 08A1CFE52D31698A007BC571 /* Dragable.swift */; };
/* End PBXBuildFile section */

/* Begin PBXFileReference section */
		0897F15A2D2E61E30091D1FE /* FlashZilla.app */ = {isa = PBXFileReference; explicitFileType = wrapper.application; includeInIndex = 0; path = FlashZilla.app; sourceTree = BUILT_PRODUCTS_DIR; };
		0897F15D2D2E61E30091D1FE /* FlashZillaApp.swift */ = {isa = PBXFileReference; lastKnownFileType = sourcecode.swift; path = FlashZillaApp.swift; sourceTree = "<group>"; };
		0897F15F2D2E61E30091D1FE /* ContentView.swift */ = {isa = PBXFileReference; lastKnownFileType = sourcecode.swift; path = ContentView.swift; sourceTree = "<group>"; };
		0897F1612D2E61E40091D1FE /* Assets.xcassets */ = {isa = PBXFileReference; lastKnownFileType = folder.assetcatalog; path = Assets.xcassets; sourceTree = "<group>"; };
		0897F1642D2E61E40091D1FE /* Preview Assets.xcassets */ = {isa = PBXFileReference; lastKnownFileType = folder.assetcatalog; path = "Preview Assets.xcassets"; sourceTree = "<group>"; };
		0897F16C2D2E6D370091D1FE /* HitTestingView.swift */ = {isa = PBXFileReference; lastKnownFileType = sourcecode.swift; path = HitTestingView.swift; sourceTree = "<group>"; };
		0897F16E2D2E77740091D1FE /* CombineDemo.swift */ = {isa = PBXFileReference; lastKnownFileType = sourcecode.swift; path = CombineDemo.swift; sourceTree = "<group>"; };
		0897F1702D2E89830091D1FE /* MovingAppToBackgroundView.swift */ = {isa = PBXFileReference; lastKnownFileType = sourcecode.swift; path = MovingAppToBackgroundView.swift; sourceTree = "<group>"; };
		0897F1722D2E8A1C0091D1FE /* AccesibilityStandardView.swift */ = {isa = PBXFileReference; lastKnownFileType = sourcecode.swift; path = AccesibilityStandardView.swift; sourceTree = "<group>"; };
		0897F1742D2E8E770091D1FE /* ActualAppView.swift */ = {isa = PBXFileReference; lastKnownFileType = sourcecode.swift; path = ActualAppView.swift; sourceTree = "<group>"; };
		0897F1762D2E8EE20091D1FE /* Card.swift */ = {isa = PBXFileReference; lastKnownFileType = sourcecode.swift; path = Card.swift; sourceTree = "<group>"; };
		0897F1782D2E8FE50091D1FE /* CardView.swift */ = {isa = PBXFileReference; lastKnownFileType = sourcecode.swift; path = CardView.swift; sourceTree = "<group>"; };
		08A1CFE52D31698A007BC571 /* Dragable.swift */ = {isa = PBXFileReference; lastKnownFileType = sourcecode.swift; path = Dragable.swift; sourceTree = "<group>"; };
/* End PBXFileReference section */

/* Begin PBXFrameworksBuildPhase section */
		0897F1572D2E61E30091D1FE /* Frameworks */ = {
			isa = PBXFrameworksBuildPhase;
			buildActionMask = 2147483647;
			files = (
			);
			runOnlyForDeploymentPostprocessing = 0;
		};
/* End PBXFrameworksBuildPhase section */

/* Begin PBXGroup section */
		0897F1512D2E61E30091D1FE = {
			isa = PBXGroup;
			children = (
				0897F15C2D2E61E30091D1FE /* FlashZilla */,
				0897F15B2D2E61E30091D1FE /* Products */,
			);
			sourceTree = "<group>";
		};
		0897F15B2D2E61E30091D1FE /* Products */ = {
			isa = PBXGroup;
			children = (
				0897F15A2D2E61E30091D1FE /* FlashZilla.app */,
			);
			name = Products;
			sourceTree = "<group>";
		};
		0897F15C2D2E61E30091D1FE /* FlashZilla */ = {
			isa = PBXGroup;
			children = (
				0897F15D2D2E61E30091D1FE /* FlashZillaApp.swift */,
				0897F1742D2E8E770091D1FE /* ActualAppView.swift */,
				0897F1762D2E8EE20091D1FE /* Card.swift */,
				0897F1782D2E8FE50091D1FE /* CardView.swift */,
				0897F16B2D2E621B0091D1FE /* ForReview */,
				0897F1612D2E61E40091D1FE /* Assets.xcassets */,
				0897F1632D2E61E40091D1FE /* Preview Content */,
			);
			path = FlashZilla;
			sourceTree = "<group>";
		};
		0897F1632D2E61E40091D1FE /* Preview Content */ = {
			isa = PBXGroup;
			children = (
				0897F1642D2E61E40091D1FE /* Preview Assets.xcassets */,
			);
			path = "Preview Content";
			sourceTree = "<group>";
		};
		0897F16B2D2E621B0091D1FE /* ForReview */ = {
			isa = PBXGroup;
			children = (
				0897F15F2D2E61E30091D1FE /* ContentView.swift */,
				0897F16C2D2E6D370091D1FE /* HitTestingView.swift */,
				0897F16E2D2E77740091D1FE /* CombineDemo.swift */,
				0897F1702D2E89830091D1FE /* MovingAppToBackgroundView.swift */,
				0897F1722D2E8A1C0091D1FE /* AccesibilityStandardView.swift */,
				08A1CFE52D31698A007BC571 /* Dragable.swift */,
			);
			path = ForReview;
			sourceTree = "<group>";
		};
/* End PBXGroup section */

/* Begin PBXNativeTarget section */
		0897F1592D2E61E30091D1FE /* FlashZilla */ = {
			isa = PBXNativeTarget;
			buildConfigurationList = 0897F1682D2E61E40091D1FE /* Build configuration list for PBXNativeTarget "FlashZilla" */;
			buildPhases = (
				0897F1562D2E61E30091D1FE /* Sources */,
				0897F1572D2E61E30091D1FE /* Frameworks */,
				0897F1582D2E61E30091D1FE /* Resources */,
			);
			buildRules = (
			);
			dependencies = (
			);
			name = FlashZilla;
			productName = FlashZilla;
			productReference = 0897F15A2D2E61E30091D1FE /* FlashZilla.app */;
			productType = "com.apple.product-type.application";
		};
/* End PBXNativeTarget section */

/* Begin PBXProject section */
		0897F1522D2E61E30091D1FE /* Project object */ = {
			isa = PBXProject;
			attributes = {
				BuildIndependentTargetsInParallel = 1;
				LastSwiftUpdateCheck = 1540;
				LastUpgradeCheck = 1540;
				TargetAttributes = {
					0897F1592D2E61E30091D1FE = {
						CreatedOnToolsVersion = 15.4;
					};
				};
			};
			buildConfigurationList = 0897F1552D2E61E30091D1FE /* Build configuration list for PBXProject "FlashZilla" */;
			compatibilityVersion = "Xcode 14.0";
			developmentRegion = en;
			hasScannedForEncodings = 0;
			knownRegions = (
				en,
				Base,
			);
			mainGroup = 0897F1512D2E61E30091D1FE;
			productRefGroup = 0897F15B2D2E61E30091D1FE /* Products */;
			projectDirPath = "";
			projectRoot = "";
			targets = (
				0897F1592D2E61E30091D1FE /* FlashZilla */,
			);
		};
/* End PBXProject section */

/* Begin PBXResourcesBuildPhase section */
		0897F1582D2E61E30091D1FE /* Resources */ = {
			isa = PBXResourcesBuildPhase;
			buildActionMask = 2147483647;
			files = (
				0897F1652D2E61E40091D1FE /* Preview Assets.xcassets in Resources */,
				0897F1622D2E61E40091D1FE /* Assets.xcassets in Resources */,
			);
			runOnlyForDeploymentPostprocessing = 0;
		};
/* End PBXResourcesBuildPhase section */

/* Begin PBXSourcesBuildPhase section */
		0897F1562D2E61E30091D1FE /* Sources */ = {
			isa = PBXSourcesBuildPhase;
			buildActionMask = 2147483647;
			files = (
				0897F1602D2E61E30091D1FE /* ContentView.swift in Sources */,
				0897F1792D2E8FE50091D1FE /* CardView.swift in Sources */,
				0897F16D2D2E6D370091D1FE /* HitTestingView.swift in Sources */,
				08A1CFE62D31698A007BC571 /* Dragable.swift in Sources */,
				0897F16F2D2E77740091D1FE /* CombineDemo.swift in Sources */,
				0897F1752D2E8E770091D1FE /* ActualAppView.swift in Sources */,
				0897F15E2D2E61E30091D1FE /* FlashZillaApp.swift in Sources */,
				0897F1732D2E8A1C0091D1FE /* AccesibilityStandardView.swift in Sources */,
				0897F1712D2E89830091D1FE /* MovingAppToBackgroundView.swift in Sources */,
				0897F1772D2E8EE20091D1FE /* Card.swift in Sources */,
			);
			runOnlyForDeploymentPostprocessing = 0;
		};
/* End PBXSourcesBuildPhase section */

/* Begin XCBuildConfiguration section */
		0897F1662D2E61E40091D1FE /* Debug */ = {
			isa = XCBuildConfiguration;
			buildSettings = {
				ALWAYS_SEARCH_USER_PATHS = NO;
				ASSETCATALOG_COMPILER_GENERATE_SWIFT_ASSET_SYMBOL_EXTENSIONS = YES;
				CLANG_ANALYZER_NONNULL = YES;
				CLANG_ANALYZER_NUMBER_OBJECT_CONVERSION = YES_AGGRESSIVE;
				CLANG_CXX_LANGUAGE_STANDARD = "gnu++20";
				CLANG_ENABLE_MODULES = YES;
				CLANG_ENABLE_OBJC_ARC = YES;
				CLANG_ENABLE_OBJC_WEAK = YES;
				CLANG_WARN_BLOCK_CAPTURE_AUTORELEASING = YES;
				CLANG_WARN_BOOL_CONVERSION = YES;
				CLANG_WARN_COMMA = YES;
				CLANG_WARN_CONSTANT_CONVERSION = YES;
				CLANG_WARN_DEPRECATED_OBJC_IMPLEMENTATIONS = YES;
				CLANG_WARN_DIRECT_OBJC_ISA_USAGE = YES_ERROR;
				CLANG_WARN_DOCUMENTATION_COMMENTS = YES;
				CLANG_WARN_EMPTY_BODY = YES;
				CLANG_WARN_ENUM_CONVERSION = YES;
				CLANG_WARN_INFINITE_RECURSION = YES;
				CLANG_WARN_INT_CONVERSION = YES;
				CLANG_WARN_NON_LITERAL_NULL_CONVERSION = YES;
				CLANG_WARN_OBJC_IMPLICIT_RETAIN_SELF = YES;
				CLANG_WARN_OBJC_LITERAL_CONVERSION = YES;
				CLANG_WARN_OBJC_ROOT_CLASS = YES_ERROR;
				CLANG_WARN_QUOTED_INCLUDE_IN_FRAMEWORK_HEADER = YES;
				CLANG_WARN_RANGE_LOOP_ANALYSIS = YES;
				CLANG_WARN_STRICT_PROTOTYPES = YES;
				CLANG_WARN_SUSPICIOUS_MOVE = YES;
				CLANG_WARN_UNGUARDED_AVAILABILITY = YES_AGGRESSIVE;
				CLANG_WARN_UNREACHABLE_CODE = YES;
				CLANG_WARN__DUPLICATE_METHOD_MATCH = YES;
				COPY_PHASE_STRIP = NO;
				DEBUG_INFORMATION_FORMAT = dwarf;
				ENABLE_STRICT_OBJC_MSGSEND = YES;
				ENABLE_TESTABILITY = YES;
				ENABLE_USER_SCRIPT_SANDBOXING = YES;
				GCC_C_LANGUAGE_STANDARD = gnu17;
				GCC_DYNAMIC_NO_PIC = NO;
				GCC_NO_COMMON_BLOCKS = YES;
				GCC_OPTIMIZATION_LEVEL = 0;
				GCC_PREPROCESSOR_DEFINITIONS = (
					"DEBUG=1",
					"$(inherited)",
				);
				GCC_WARN_64_TO_32_BIT_CONVERSION = YES;
				GCC_WARN_ABOUT_RETURN_TYPE = YES_ERROR;
				GCC_WARN_UNDECLARED_SELECTOR = YES;
				GCC_WARN_UNINITIALIZED_AUTOS = YES_AGGRESSIVE;
				GCC_WARN_UNUSED_FUNCTION = YES;
				GCC_WARN_UNUSED_VARIABLE = YES;
				IPHONEOS_DEPLOYMENT_TARGET = 17.5;
				LOCALIZATION_PREFERS_STRING_CATALOGS = YES;
				MTL_ENABLE_DEBUG_INFO = INCLUDE_SOURCE;
				MTL_FAST_MATH = YES;
				ONLY_ACTIVE_ARCH = YES;
				SDKROOT = iphoneos;
				SWIFT_ACTIVE_COMPILATION_CONDITIONS = "DEBUG $(inherited)";
				SWIFT_OPTIMIZATION_LEVEL = "-Onone";
			};
			name = Debug;
		};
		0897F1672D2E61E40091D1FE /* Release */ = {
			isa = XCBuildConfiguration;
			buildSettings = {
				ALWAYS_SEARCH_USER_PATHS = NO;
				ASSETCATALOG_COMPILER_GENERATE_SWIFT_ASSET_SYMBOL_EXTENSIONS = YES;
				CLANG_ANALYZER_NONNULL = YES;
				CLANG_ANALYZER_NUMBER_OBJECT_CONVERSION = YES_AGGRESSIVE;
				CLANG_CXX_LANGUAGE_STANDARD = "gnu++20";
				CLANG_ENABLE_MODULES = YES;
				CLANG_ENABLE_OBJC_ARC = YES;
				CLANG_ENABLE_OBJC_WEAK = YES;
				CLANG_WARN_BLOCK_CAPTURE_AUTORELEASING = YES;
				CLANG_WARN_BOOL_CONVERSION = YES;
				CLANG_WARN_COMMA = YES;
				CLANG_WARN_CONSTANT_CONVERSION = YES;
				CLANG_WARN_DEPRECATED_OBJC_IMPLEMENTATIONS = YES;
				CLANG_WARN_DIRECT_OBJC_ISA_USAGE = YES_ERROR;
				CLANG_WARN_DOCUMENTATION_COMMENTS = YES;
				CLANG_WARN_EMPTY_BODY = YES;
				CLANG_WARN_ENUM_CONVERSION = YES;
				CLANG_WARN_INFINITE_RECURSION = YES;
				CLANG_WARN_INT_CONVERSION = YES;
				CLANG_WARN_NON_LITERAL_NULL_CONVERSION = YES;
				CLANG_WARN_OBJC_IMPLICIT_RETAIN_SELF = YES;
				CLANG_WARN_OBJC_LITERAL_CONVERSION = YES;
				CLANG_WARN_OBJC_ROOT_CLASS = YES_ERROR;
				CLANG_WARN_QUOTED_INCLUDE_IN_FRAMEWORK_HEADER = YES;
				CLANG_WARN_RANGE_LOOP_ANALYSIS = YES;
				CLANG_WARN_STRICT_PROTOTYPES = YES;
				CLANG_WARN_SUSPICIOUS_MOVE = YES;
				CLANG_WARN_UNGUARDED_AVAILABILITY = YES_AGGRESSIVE;
				CLANG_WARN_UNREACHABLE_CODE = YES;
				CLANG_WARN__DUPLICATE_METHOD_MATCH = YES;
				COPY_PHASE_STRIP = NO;
				DEBUG_INFORMATION_FORMAT = "dwarf-with-dsym";
				ENABLE_NS_ASSERTIONS = NO;
				ENABLE_STRICT_OBJC_MSGSEND = YES;
				ENABLE_USER_SCRIPT_SANDBOXING = YES;
				GCC_C_LANGUAGE_STANDARD = gnu17;
				GCC_NO_COMMON_BLOCKS = YES;
				GCC_WARN_64_TO_32_BIT_CONVERSION = YES;
				GCC_WARN_ABOUT_RETURN_TYPE = YES_ERROR;
				GCC_WARN_UNDECLARED_SELECTOR = YES;
				GCC_WARN_UNINITIALIZED_AUTOS = YES_AGGRESSIVE;
				GCC_WARN_UNUSED_FUNCTION = YES;
				GCC_WARN_UNUSED_VARIABLE = YES;
				IPHONEOS_DEPLOYMENT_TARGET = 17.5;
				LOCALIZATION_PREFERS_STRING_CATALOGS = YES;
				MTL_ENABLE_DEBUG_INFO = NO;
				MTL_FAST_MATH = YES;
				SDKROOT = iphoneos;
				SWIFT_COMPILATION_MODE = wholemodule;
				VALIDATE_PRODUCT = YES;
			};
			name = Release;
		};
		0897F1692D2E61E40091D1FE /* Debug */ = {
			isa = XCBuildConfiguration;
			buildSettings = {
				ASSETCATALOG_COMPILER_APPICON_NAME = AppIcon;
				ASSETCATALOG_COMPILER_GLOBAL_ACCENT_COLOR_NAME = AccentColor;
				CODE_SIGN_STYLE = Automatic;
				CURRENT_PROJECT_VERSION = 1;
				DEVELOPMENT_ASSET_PATHS = "\"FlashZilla/Preview Content\"";
				DEVELOPMENT_TEAM = NR9549DC5S;
				ENABLE_PREVIEWS = YES;
				GENERATE_INFOPLIST_FILE = YES;
				INFOPLIST_KEY_UIApplicationSceneManifest_Generation = YES;
				INFOPLIST_KEY_UIApplicationSupportsIndirectInputEvents = YES;
				INFOPLIST_KEY_UILaunchScreen_Generation = YES;
				INFOPLIST_KEY_UISupportedInterfaceOrientations = "UIInterfaceOrientationLandscapeLeft UIInterfaceOrientationLandscapeRight";
				INFOPLIST_KEY_UISupportedInterfaceOrientations_iPad = "UIInterfaceOrientationLandscapeLeft UIInterfaceOrientationLandscapeRight UIInterfaceOrientationPortrait UIInterfaceOrientationPortraitUpsideDown";
				LD_RUNPATH_SEARCH_PATHS = (
					"$(inherited)",
					"@executable_path/Frameworks",
				);
				MARKETING_VERSION = 1.0;
				PRODUCT_BUNDLE_IDENTIFIER = Manx.FlashZilla;
				PRODUCT_NAME = "$(TARGET_NAME)";
				SWIFT_EMIT_LOC_STRINGS = YES;
				SWIFT_VERSION = 5.0;
				TARGETED_DEVICE_FAMILY = "1,2";
			};
			name = Debug;
		};
		0897F16A2D2E61E40091D1FE /* Release */ = {
			isa = XCBuildConfiguration;
			buildSettings = {
				ASSETCATALOG_COMPILER_APPICON_NAME = AppIcon;
				ASSETCATALOG_COMPILER_GLOBAL_ACCENT_COLOR_NAME = AccentColor;
				CODE_SIGN_STYLE = Automatic;
				CURRENT_PROJECT_VERSION = 1;
				DEVELOPMENT_ASSET_PATHS = "\"FlashZilla/Preview Content\"";
				DEVELOPMENT_TEAM = NR9549DC5S;
				ENABLE_PREVIEWS = YES;
				GENERATE_INFOPLIST_FILE = YES;
				INFOPLIST_KEY_UIApplicationSceneManifest_Generation = YES;
				INFOPLIST_KEY_UIApplicationSupportsIndirectInputEvents = YES;
				INFOPLIST_KEY_UILaunchScreen_Generation = YES;
				INFOPLIST_KEY_UISupportedInterfaceOrientations = "UIInterfaceOrientationLandscapeLeft UIInterfaceOrientationLandscapeRight";
				INFOPLIST_KEY_UISupportedInterfaceOrientations_iPad = "UIInterfaceOrientationLandscapeLeft UIInterfaceOrientationLandscapeRight UIInterfaceOrientationPortrait UIInterfaceOrientationPortraitUpsideDown";
				LD_RUNPATH_SEARCH_PATHS = (
					"$(inherited)",
					"@executable_path/Frameworks",
				);
				MARKETING_VERSION = 1.0;
				PRODUCT_BUNDLE_IDENTIFIER = Manx.FlashZilla;
				PRODUCT_NAME = "$(TARGET_NAME)";
				SWIFT_EMIT_LOC_STRINGS = YES;
				SWIFT_VERSION = 5.0;
				TARGETED_DEVICE_FAMILY = "1,2";
			};
			name = Release;
		};
/* End XCBuildConfiguration section */

/* Begin XCConfigurationList section */
		0897F1552D2E61E30091D1FE /* Build configuration list for PBXProject "FlashZilla" */ = {
			isa = XCConfigurationList;
			buildConfigurations = (
				0897F1662D2E61E40091D1FE /* Debug */,
				0897F1672D2E61E40091D1FE /* Release */,
			);
			defaultConfigurationIsVisible = 0;
			defaultConfigurationName = Release;
		};
		0897F1682D2E61E40091D1FE /* Build configuration list for PBXNativeTarget "FlashZilla" */ = {
			isa = XCConfigurationList;
			buildConfigurations = (
				0897F1692D2E61E40091D1FE /* Debug */,
				0897F16A2D2E61E40091D1FE /* Release */,
			);
			defaultConfigurationIsVisible = 0;
			defaultConfigurationName = Release;
		};
/* End XCConfigurationList section */
	};
	rootObject = 0897F1522D2E61E30091D1FE /* Project object */;
}
