// !$*UTF8*$!
{
	archiveVersion = 1;
	classes = {
	};
	objectVersion = 56;
	objects = {

/* Begin PBXBuildFile section */
		08102AA42CA541C60026E2FF /* CupcakeCornerApp.swift in Sources */ = {isa = PBXBuildFile; fileRef = 08102AA32CA541C60026E2FF /* CupcakeCornerApp.swift */; };
		08102AA62CA541C60026E2FF /* ContentView.swift in Sources */ = {isa = PBXBuildFile; fileRef = 08102AA52CA541C60026E2FF /* ContentView.swift */; };
		08102AA82CA541C70026E2FF /* Assets.xcassets in Resources */ = {isa = PBXBuildFile; fileRef = 08102AA72CA541C70026E2FF /* Assets.xcassets */; };
		08102AAB2CA541C70026E2FF /* Preview Assets.xcassets in Resources */ = {isa = PBXBuildFile; fileRef = 08102AAA2CA541C70026E2FF /* Preview Assets.xcassets */; };
		08102AB32CA5562C0026E2FF /* LoadImageView.swift in Sources */ = {isa = PBXBuildFile; fileRef = 08102AB22CA5562C0026E2FF /* LoadImageView.swift */; };
		08102AB52CA55F170026E2FF /* ValidateDisableFormsView.swift in Sources */ = {isa = PBXBuildFile; fileRef = 08102AB42CA55F170026E2FF /* ValidateDisableFormsView.swift */; };
		08102AB72CA5E7910026E2FF /* ObservableView.swift in Sources */ = {isa = PBXBuildFile; fileRef = 08102AB62CA5E7910026E2FF /* ObservableView.swift */; };
		08102AB92CA6842B0026E2FF /* HapticEffectsView.swift in Sources */ = {isa = PBXBuildFile; fileRef = 08102AB82CA6842B0026E2FF /* HapticEffectsView.swift */; };
		08102ABB2CA69C450026E2FF /* ActualAppView.swift in Sources */ = {isa = PBXBuildFile; fileRef = 08102ABA2CA69C450026E2FF /* ActualAppView.swift */; };
		08102ABD2CA69C850026E2FF /* Order.swift in Sources */ = {isa = PBXBuildFile; fileRef = 08102ABC2CA69C850026E2FF /* Order.swift */; };
		08102ABF2CA6AB5B0026E2FF /* AdressView.swift in Sources */ = {isa = PBXBuildFile; fileRef = 08102ABE2CA6AB5B0026E2FF /* AdressView.swift */; };
/* End PBXBuildFile section */

/* Begin PBXFileReference section */
		08102AA02CA541C60026E2FF /* CupcakeCorner.app */ = {isa = PBXFileReference; explicitFileType = wrapper.application; includeInIndex = 0; path = CupcakeCorner.app; sourceTree = BUILT_PRODUCTS_DIR; };
		08102AA32CA541C60026E2FF /* CupcakeCornerApp.swift */ = {isa = PBXFileReference; lastKnownFileType = sourcecode.swift; path = CupcakeCornerApp.swift; sourceTree = "<group>"; };
		08102AA52CA541C60026E2FF /* ContentView.swift */ = {isa = PBXFileReference; lastKnownFileType = sourcecode.swift; path = ContentView.swift; sourceTree = "<group>"; };
		08102AA72CA541C70026E2FF /* Assets.xcassets */ = {isa = PBXFileReference; lastKnownFileType = folder.assetcatalog; path = Assets.xcassets; sourceTree = "<group>"; };
		08102AAA2CA541C70026E2FF /* Preview Assets.xcassets */ = {isa = PBXFileReference; lastKnownFileType = folder.assetcatalog; path = "Preview Assets.xcassets"; sourceTree = "<group>"; };
		08102AB22CA5562C0026E2FF /* LoadImageView.swift */ = {isa = PBXFileReference; lastKnownFileType = sourcecode.swift; path = LoadImageView.swift; sourceTree = "<group>"; };
		08102AB42CA55F170026E2FF /* ValidateDisableFormsView.swift */ = {isa = PBXFileReference; lastKnownFileType = sourcecode.swift; path = ValidateDisableFormsView.swift; sourceTree = "<group>"; };
		08102AB62CA5E7910026E2FF /* ObservableView.swift */ = {isa = PBXFileReference; lastKnownFileType = sourcecode.swift; path = ObservableView.swift; sourceTree = "<group>"; };
		08102AB82CA6842B0026E2FF /* HapticEffectsView.swift */ = {isa = PBXFileReference; lastKnownFileType = sourcecode.swift; path = HapticEffectsView.swift; sourceTree = "<group>"; };
		08102ABA2CA69C450026E2FF /* ActualAppView.swift */ = {isa = PBXFileReference; lastKnownFileType = sourcecode.swift; path = ActualAppView.swift; sourceTree = "<group>"; };
		08102ABC2CA69C850026E2FF /* Order.swift */ = {isa = PBXFileReference; lastKnownFileType = sourcecode.swift; path = Order.swift; sourceTree = "<group>"; };
		08102ABE2CA6AB5B0026E2FF /* AdressView.swift */ = {isa = PBXFileReference; lastKnownFileType = sourcecode.swift; path = AdressView.swift; sourceTree = "<group>"; };
/* End PBXFileReference section */

/* Begin PBXFrameworksBuildPhase section */
		08102A9D2CA541C60026E2FF /* Frameworks */ = {
			isa = PBXFrameworksBuildPhase;
			buildActionMask = 2147483647;
			files = (
			);
			runOnlyForDeploymentPostprocessing = 0;
		};
/* End PBXFrameworksBuildPhase section */

/* Begin PBXGroup section */
		08102A972CA541C60026E2FF = {
			isa = PBXGroup;
			children = (
				08102AA22CA541C60026E2FF /* CupcakeCorner */,
				08102AA12CA541C60026E2FF /* Products */,
			);
			sourceTree = "<group>";
		};
		08102AA12CA541C60026E2FF /* Products */ = {
			isa = PBXGroup;
			children = (
				08102AA02CA541C60026E2FF /* CupcakeCorner.app */,
			);
			name = Products;
			sourceTree = "<group>";
		};
		08102AA22CA541C60026E2FF /* CupcakeCorner */ = {
			isa = PBXGroup;
			children = (
				08102AA32CA541C60026E2FF /* CupcakeCornerApp.swift */,
				08102ABA2CA69C450026E2FF /* ActualAppView.swift */,
				08102ABC2CA69C850026E2FF /* Order.swift */,
				08102ABE2CA6AB5B0026E2FF /* AdressView.swift */,
				08102AB12CA555EC0026E2FF /* ForReview */,
				08102AA72CA541C70026E2FF /* Assets.xcassets */,
				08102AA92CA541C70026E2FF /* Preview Content */,
			);
			path = CupcakeCorner;
			sourceTree = "<group>";
		};
		08102AA92CA541C70026E2FF /* Preview Content */ = {
			isa = PBXGroup;
			children = (
				08102AAA2CA541C70026E2FF /* Preview Assets.xcassets */,
			);
			path = "Preview Content";
			sourceTree = "<group>";
		};
		08102AB12CA555EC0026E2FF /* ForReview */ = {
			isa = PBXGroup;
			children = (
				08102AA52CA541C60026E2FF /* ContentView.swift */,
				08102AB22CA5562C0026E2FF /* LoadImageView.swift */,
				08102AB42CA55F170026E2FF /* ValidateDisableFormsView.swift */,
				08102AB62CA5E7910026E2FF /* ObservableView.swift */,
				08102AB82CA6842B0026E2FF /* HapticEffectsView.swift */,
			);
			path = ForReview;
			sourceTree = "<group>";
		};
/* End PBXGroup section */

/* Begin PBXNativeTarget section */
		08102A9F2CA541C60026E2FF /* CupcakeCorner */ = {
			isa = PBXNativeTarget;
			buildConfigurationList = 08102AAE2CA541C70026E2FF /* Build configuration list for PBXNativeTarget "CupcakeCorner" */;
			buildPhases = (
				08102A9C2CA541C60026E2FF /* Sources */,
				08102A9D2CA541C60026E2FF /* Frameworks */,
				08102A9E2CA541C60026E2FF /* Resources */,
			);
			buildRules = (
			);
			dependencies = (
			);
			name = CupcakeCorner;
			productName = CupcakeCorner;
			productReference = 08102AA02CA541C60026E2FF /* CupcakeCorner.app */;
			productType = "com.apple.product-type.application";
		};
/* End PBXNativeTarget section */

/* Begin PBXProject section */
		08102A982CA541C60026E2FF /* Project object */ = {
			isa = PBXProject;
			attributes = {
				BuildIndependentTargetsInParallel = 1;
				LastSwiftUpdateCheck = 1540;
				LastUpgradeCheck = 1540;
				TargetAttributes = {
					08102A9F2CA541C60026E2FF = {
						CreatedOnToolsVersion = 15.4;
					};
				};
			};
			buildConfigurationList = 08102A9B2CA541C60026E2FF /* Build configuration list for PBXProject "CupcakeCorner" */;
			compatibilityVersion = "Xcode 14.0";
			developmentRegion = en;
			hasScannedForEncodings = 0;
			knownRegions = (
				en,
				Base,
			);
			mainGroup = 08102A972CA541C60026E2FF;
			productRefGroup = 08102AA12CA541C60026E2FF /* Products */;
			projectDirPath = "";
			projectRoot = "";
			targets = (
				08102A9F2CA541C60026E2FF /* CupcakeCorner */,
			);
		};
/* End PBXProject section */

/* Begin PBXResourcesBuildPhase section */
		08102A9E2CA541C60026E2FF /* Resources */ = {
			isa = PBXResourcesBuildPhase;
			buildActionMask = 2147483647;
			files = (
				08102AAB2CA541C70026E2FF /* Preview Assets.xcassets in Resources */,
				08102AA82CA541C70026E2FF /* Assets.xcassets in Resources */,
			);
			runOnlyForDeploymentPostprocessing = 0;
		};
/* End PBXResourcesBuildPhase section */

/* Begin PBXSourcesBuildPhase section */
		08102A9C2CA541C60026E2FF /* Sources */ = {
			isa = PBXSourcesBuildPhase;
			buildActionMask = 2147483647;
			files = (
				08102AB72CA5E7910026E2FF /* ObservableView.swift in Sources */,
				08102AA62CA541C60026E2FF /* ContentView.swift in Sources */,
				08102ABD2CA69C850026E2FF /* Order.swift in Sources */,
				08102AB92CA6842B0026E2FF /* HapticEffectsView.swift in Sources */,
				08102ABB2CA69C450026E2FF /* ActualAppView.swift in Sources */,
				08102ABF2CA6AB5B0026E2FF /* AdressView.swift in Sources */,
				08102AB52CA55F170026E2FF /* ValidateDisableFormsView.swift in Sources */,
				08102AB32CA5562C0026E2FF /* LoadImageView.swift in Sources */,
				08102AA42CA541C60026E2FF /* CupcakeCornerApp.swift in Sources */,
			);
			runOnlyForDeploymentPostprocessing = 0;
		};
/* End PBXSourcesBuildPhase section */

/* Begin XCBuildConfiguration section */
		08102AAC2CA541C70026E2FF /* Debug */ = {
			isa = XCBuildConfiguration;
			buildSettings = {
				ALWAYS_SEARCH_USER_PATHS = NO;
				ASSETCATALOG_COMPILER_GENERATE_SWIFT_ASSET_SYMBOL_EXTENSIONS = YES;
				CLANG_ANALYZER_NONNULL = YES;
				CLANG_ANALYZER_NUMBER_OBJECT_CONVERSION = YES_AGGRESSIVE;
				CLANG_CXX_LANGUAGE_STANDARD = "gnu++20";
				CLANG_ENABLE_MODULES = YES;
				CLANG_ENABLE_OBJC_ARC = YES;
				CLANG_ENABLE_OBJC_WEAK = YES;
				CLANG_WARN_BLOCK_CAPTURE_AUTORELEASING = YES;
				CLANG_WARN_BOOL_CONVERSION = YES;
				CLANG_WARN_COMMA = YES;
				CLANG_WARN_CONSTANT_CONVERSION = YES;
				CLANG_WARN_DEPRECATED_OBJC_IMPLEMENTATIONS = YES;
				CLANG_WARN_DIRECT_OBJC_ISA_USAGE = YES_ERROR;
				CLANG_WARN_DOCUMENTATION_COMMENTS = YES;
				CLANG_WARN_EMPTY_BODY = YES;
				CLANG_WARN_ENUM_CONVERSION = YES;
				CLANG_WARN_INFINITE_RECURSION = YES;
				CLANG_WARN_INT_CONVERSION = YES;
				CLANG_WARN_NON_LITERAL_NULL_CONVERSION = YES;
				CLANG_WARN_OBJC_IMPLICIT_RETAIN_SELF = YES;
				CLANG_WARN_OBJC_LITERAL_CONVERSION = YES;
				CLANG_WARN_OBJC_ROOT_CLASS = YES_ERROR;
				CLANG_WARN_QUOTED_INCLUDE_IN_FRAMEWORK_HEADER = YES;
				CLANG_WARN_RANGE_LOOP_ANALYSIS = YES;
				CLANG_WARN_STRICT_PROTOTYPES = YES;
				CLANG_WARN_SUSPICIOUS_MOVE = YES;
				CLANG_WARN_UNGUARDED_AVAILABILITY = YES_AGGRESSIVE;
				CLANG_WARN_UNREACHABLE_CODE = YES;
				CLANG_WARN__DUPLICATE_METHOD_MATCH = YES;
				COPY_PHASE_STRIP = NO;
				DEBUG_INFORMATION_FORMAT = dwarf;
				ENABLE_STRICT_OBJC_MSGSEND = YES;
				ENABLE_TESTABILITY = YES;
				ENABLE_USER_SCRIPT_SANDBOXING = YES;
				GCC_C_LANGUAGE_STANDARD = gnu17;
				GCC_DYNAMIC_NO_PIC = NO;
				GCC_NO_COMMON_BLOCKS = YES;
				GCC_OPTIMIZATION_LEVEL = 0;
				GCC_PREPROCESSOR_DEFINITIONS = (
					"DEBUG=1",
					"$(inherited)",
				);
				GCC_WARN_64_TO_32_BIT_CONVERSION = YES;
				GCC_WARN_ABOUT_RETURN_TYPE = YES_ERROR;
				GCC_WARN_UNDECLARED_SELECTOR = YES;
				GCC_WARN_UNINITIALIZED_AUTOS = YES_AGGRESSIVE;
				GCC_WARN_UNUSED_FUNCTION = YES;
				GCC_WARN_UNUSED_VARIABLE = YES;
				IPHONEOS_DEPLOYMENT_TARGET = 17.5;
				LOCALIZATION_PREFERS_STRING_CATALOGS = YES;
				MTL_ENABLE_DEBUG_INFO = INCLUDE_SOURCE;
				MTL_FAST_MATH = YES;
				ONLY_ACTIVE_ARCH = YES;
				SDKROOT = iphoneos;
				SWIFT_ACTIVE_COMPILATION_CONDITIONS = "DEBUG $(inherited)";
				SWIFT_OPTIMIZATION_LEVEL = "-Onone";
			};
			name = Debug;
		};
		08102AAD2CA541C70026E2FF /* Release */ = {
			isa = XCBuildConfiguration;
			buildSettings = {
				ALWAYS_SEARCH_USER_PATHS = NO;
				ASSETCATALOG_COMPILER_GENERATE_SWIFT_ASSET_SYMBOL_EXTENSIONS = YES;
				CLANG_ANALYZER_NONNULL = YES;
				CLANG_ANALYZER_NUMBER_OBJECT_CONVERSION = YES_AGGRESSIVE;
				CLANG_CXX_LANGUAGE_STANDARD = "gnu++20";
				CLANG_ENABLE_MODULES = YES;
				CLANG_ENABLE_OBJC_ARC = YES;
				CLANG_ENABLE_OBJC_WEAK = YES;
				CLANG_WARN_BLOCK_CAPTURE_AUTORELEASING = YES;
				CLANG_WARN_BOOL_CONVERSION = YES;
				CLANG_WARN_COMMA = YES;
				CLANG_WARN_CONSTANT_CONVERSION = YES;
				CLANG_WARN_DEPRECATED_OBJC_IMPLEMENTATIONS = YES;
				CLANG_WARN_DIRECT_OBJC_ISA_USAGE = YES_ERROR;
				CLANG_WARN_DOCUMENTATION_COMMENTS = YES;
				CLANG_WARN_EMPTY_BODY = YES;
				CLANG_WARN_ENUM_CONVERSION = YES;
				CLANG_WARN_INFINITE_RECURSION = YES;
				CLANG_WARN_INT_CONVERSION = YES;
				CLANG_WARN_NON_LITERAL_NULL_CONVERSION = YES;
				CLANG_WARN_OBJC_IMPLICIT_RETAIN_SELF = YES;
				CLANG_WARN_OBJC_LITERAL_CONVERSION = YES;
				CLANG_WARN_OBJC_ROOT_CLASS = YES_ERROR;
				CLANG_WARN_QUOTED_INCLUDE_IN_FRAMEWORK_HEADER = YES;
				CLANG_WARN_RANGE_LOOP_ANALYSIS = YES;
				CLANG_WARN_STRICT_PROTOTYPES = YES;
				CLANG_WARN_SUSPICIOUS_MOVE = YES;
				CLANG_WARN_UNGUARDED_AVAILABILITY = YES_AGGRESSIVE;
				CLANG_WARN_UNREACHABLE_CODE = YES;
				CLANG_WARN__DUPLICATE_METHOD_MATCH = YES;
				COPY_PHASE_STRIP = NO;
				DEBUG_INFORMATION_FORMAT = "dwarf-with-dsym";
				ENABLE_NS_ASSERTIONS = NO;
				ENABLE_STRICT_OBJC_MSGSEND = YES;
				ENABLE_USER_SCRIPT_SANDBOXING = YES;
				GCC_C_LANGUAGE_STANDARD = gnu17;
				GCC_NO_COMMON_BLOCKS = YES;
				GCC_WARN_64_TO_32_BIT_CONVERSION = YES;
				GCC_WARN_ABOUT_RETURN_TYPE = YES_ERROR;
				GCC_WARN_UNDECLARED_SELECTOR = YES;
				GCC_WARN_UNINITIALIZED_AUTOS = YES_AGGRESSIVE;
				GCC_WARN_UNUSED_FUNCTION = YES;
				GCC_WARN_UNUSED_VARIABLE = YES;
				IPHONEOS_DEPLOYMENT_TARGET = 17.5;
				LOCALIZATION_PREFERS_STRING_CATALOGS = YES;
				MTL_ENABLE_DEBUG_INFO = NO;
				MTL_FAST_MATH = YES;
				SDKROOT = iphoneos;
				SWIFT_COMPILATION_MODE = wholemodule;
				VALIDATE_PRODUCT = YES;
			};
			name = Release;
		};
		08102AAF2CA541C70026E2FF /* Debug */ = {
			isa = XCBuildConfiguration;
			buildSettings = {
				ASSETCATALOG_COMPILER_APPICON_NAME = AppIcon;
				ASSETCATALOG_COMPILER_GLOBAL_ACCENT_COLOR_NAME = AccentColor;
				CODE_SIGN_STYLE = Automatic;
				CURRENT_PROJECT_VERSION = 1;
				DEVELOPMENT_ASSET_PATHS = "\"CupcakeCorner/Preview Content\"";
				DEVELOPMENT_TEAM = NR9549DC5S;
				ENABLE_PREVIEWS = YES;
				GENERATE_INFOPLIST_FILE = YES;
				INFOPLIST_KEY_UIApplicationSceneManifest_Generation = YES;
				INFOPLIST_KEY_UIApplicationSupportsIndirectInputEvents = YES;
				INFOPLIST_KEY_UILaunchScreen_Generation = YES;
				INFOPLIST_KEY_UISupportedInterfaceOrientations_iPad = "UIInterfaceOrientationPortrait UIInterfaceOrientationPortraitUpsideDown UIInterfaceOrientationLandscapeLeft UIInterfaceOrientationLandscapeRight";
				INFOPLIST_KEY_UISupportedInterfaceOrientations_iPhone = "UIInterfaceOrientationPortrait UIInterfaceOrientationLandscapeLeft UIInterfaceOrientationLandscapeRight";
				LD_RUNPATH_SEARCH_PATHS = (
					"$(inherited)",
					"@executable_path/Frameworks",
				);
				MARKETING_VERSION = 1.0;
				PRODUCT_BUNDLE_IDENTIFIER = Manx.CupcakeCorner;
				PRODUCT_NAME = "$(TARGET_NAME)";
				SWIFT_EMIT_LOC_STRINGS = YES;
				SWIFT_VERSION = 5.0;
				TARGETED_DEVICE_FAMILY = "1,2";
			};
			name = Debug;
		};
		08102AB02CA541C70026E2FF /* Release */ = {
			isa = XCBuildConfiguration;
			buildSettings = {
				ASSETCATALOG_COMPILER_APPICON_NAME = AppIcon;
				ASSETCATALOG_COMPILER_GLOBAL_ACCENT_COLOR_NAME = AccentColor;
				CODE_SIGN_STYLE = Automatic;
				CURRENT_PROJECT_VERSION = 1;
				DEVELOPMENT_ASSET_PATHS = "\"CupcakeCorner/Preview Content\"";
				DEVELOPMENT_TEAM = NR9549DC5S;
				ENABLE_PREVIEWS = YES;
				GENERATE_INFOPLIST_FILE = YES;
				INFOPLIST_KEY_UIApplicationSceneManifest_Generation = YES;
				INFOPLIST_KEY_UIApplicationSupportsIndirectInputEvents = YES;
				INFOPLIST_KEY_UILaunchScreen_Generation = YES;
				INFOPLIST_KEY_UISupportedInterfaceOrientations_iPad = "UIInterfaceOrientationPortrait UIInterfaceOrientationPortraitUpsideDown UIInterfaceOrientationLandscapeLeft UIInterfaceOrientationLandscapeRight";
				INFOPLIST_KEY_UISupportedInterfaceOrientations_iPhone = "UIInterfaceOrientationPortrait UIInterfaceOrientationLandscapeLeft UIInterfaceOrientationLandscapeRight";
				LD_RUNPATH_SEARCH_PATHS = (
					"$(inherited)",
					"@executable_path/Frameworks",
				);
				MARKETING_VERSION = 1.0;
				PRODUCT_BUNDLE_IDENTIFIER = Manx.CupcakeCorner;
				PRODUCT_NAME = "$(TARGET_NAME)";
				SWIFT_EMIT_LOC_STRINGS = YES;
				SWIFT_VERSION = 5.0;
				TARGETED_DEVICE_FAMILY = "1,2";
			};
			name = Release;
		};
/* End XCBuildConfiguration section */

/* Begin XCConfigurationList section */
		08102A9B2CA541C60026E2FF /* Build configuration list for PBXProject "CupcakeCorner" */ = {
			isa = XCConfigurationList;
			buildConfigurations = (
				08102AAC2CA541C70026E2FF /* Debug */,
				08102AAD2CA541C70026E2FF /* Release */,
			);
			defaultConfigurationIsVisible = 0;
			defaultConfigurationName = Release;
		};
		08102AAE2CA541C70026E2FF /* Build configuration list for PBXNativeTarget "CupcakeCorner" */ = {
			isa = XCConfigurationList;
			buildConfigurations = (
				08102AAF2CA541C70026E2FF /* Debug */,
				08102AB02CA541C70026E2FF /* Release */,
			);
			defaultConfigurationIsVisible = 0;
			defaultConfigurationName = Release;
		};
/* End XCConfigurationList section */
	};
	rootObject = 08102A982CA541C60026E2FF /* Project object */;
}
