// !$*UTF8*$!
{
	archiveVersion = 1;
	classes = {
	};
	objectVersion = 56;
	objects = {

/* Begin PBXBuildFile section */
		0806884A2CF0A1E100A81E66 /* DividerView.swift in Sources */ = {isa = PBXBuildFile; fileRef = 080688492CF0A1E100A81E66 /* DividerView.swift */; };
		082B08442CEFD07C0073EBD7 /* DetailsView.swift in Sources */ = {isa = PBXBuildFile; fileRef = 082B08432CEFD07C0073EBD7 /* DetailsView.swift */; };
		0867FFBA2CEE73FA00D89FD4 /* AddFormView.swift in Sources */ = {isa = PBXBuildFile; fileRef = 0867FFB92CEE73FA00D89FD4 /* AddFormView.swift */; };
		088D5D872CEE3A8C0034A053 /* HabbitListViewModel.swift in Sources */ = {isa = PBXBuildFile; fileRef = 088D5D862CEE3A8C0034A053 /* HabbitListViewModel.swift */; };
		088D5D8A2CEE42FC0034A053 /* HabbitService.swift in Sources */ = {isa = PBXBuildFile; fileRef = 088D5D892CEE42FC0034A053 /* HabbitService.swift */; };
		08F98D9D2CEE35C900F85677 /* HabbitAppApp.swift in Sources */ = {isa = PBXBuildFile; fileRef = 08F98D9C2CEE35C900F85677 /* HabbitAppApp.swift */; };
		08F98D9F2CEE35C900F85677 /* ContentView.swift in Sources */ = {isa = PBXBuildFile; fileRef = 08F98D9E2CEE35C900F85677 /* ContentView.swift */; };
		08F98DA12CEE35CA00F85677 /* Assets.xcassets in Resources */ = {isa = PBXBuildFile; fileRef = 08F98DA02CEE35CA00F85677 /* Assets.xcassets */; };
		08F98DA42CEE35CA00F85677 /* Preview Assets.xcassets in Resources */ = {isa = PBXBuildFile; fileRef = 08F98DA32CEE35CA00F85677 /* Preview Assets.xcassets */; };
		08F98DAE2CEE388500F85677 /* Habbits.swift in Sources */ = {isa = PBXBuildFile; fileRef = 08F98DAD2CEE388500F85677 /* Habbits.swift */; };
/* End PBXBuildFile section */

/* Begin PBXFileReference section */
		080688492CF0A1E100A81E66 /* DividerView.swift */ = {isa = PBXFileReference; lastKnownFileType = sourcecode.swift; path = DividerView.swift; sourceTree = "<group>"; };
		082B08432CEFD07C0073EBD7 /* DetailsView.swift */ = {isa = PBXFileReference; lastKnownFileType = sourcecode.swift; path = DetailsView.swift; sourceTree = "<group>"; };
		0867FFB92CEE73FA00D89FD4 /* AddFormView.swift */ = {isa = PBXFileReference; lastKnownFileType = sourcecode.swift; path = AddFormView.swift; sourceTree = "<group>"; };
		088D5D862CEE3A8C0034A053 /* HabbitListViewModel.swift */ = {isa = PBXFileReference; lastKnownFileType = sourcecode.swift; path = HabbitListViewModel.swift; sourceTree = "<group>"; };
		088D5D892CEE42FC0034A053 /* HabbitService.swift */ = {isa = PBXFileReference; lastKnownFileType = sourcecode.swift; path = HabbitService.swift; sourceTree = "<group>"; };
		08F98D992CEE35C800F85677 /* HabbitApp.app */ = {isa = PBXFileReference; explicitFileType = wrapper.application; includeInIndex = 0; path = HabbitApp.app; sourceTree = BUILT_PRODUCTS_DIR; };
		08F98D9C2CEE35C900F85677 /* HabbitAppApp.swift */ = {isa = PBXFileReference; lastKnownFileType = sourcecode.swift; path = HabbitAppApp.swift; sourceTree = "<group>"; };
		08F98D9E2CEE35C900F85677 /* ContentView.swift */ = {isa = PBXFileReference; lastKnownFileType = sourcecode.swift; path = ContentView.swift; sourceTree = "<group>"; };
		08F98DA02CEE35CA00F85677 /* Assets.xcassets */ = {isa = PBXFileReference; lastKnownFileType = folder.assetcatalog; path = Assets.xcassets; sourceTree = "<group>"; };
		08F98DA32CEE35CA00F85677 /* Preview Assets.xcassets */ = {isa = PBXFileReference; lastKnownFileType = folder.assetcatalog; path = "Preview Assets.xcassets"; sourceTree = "<group>"; };
		08F98DAD2CEE388500F85677 /* Habbits.swift */ = {isa = PBXFileReference; lastKnownFileType = sourcecode.swift; path = Habbits.swift; sourceTree = "<group>"; };
/* End PBXFileReference section */

/* Begin PBXFrameworksBuildPhase section */
		08F98D962CEE35C800F85677 /* Frameworks */ = {
			isa = PBXFrameworksBuildPhase;
			buildActionMask = 2147483647;
			files = (
			);
			runOnlyForDeploymentPostprocessing = 0;
		};
/* End PBXFrameworksBuildPhase section */

/* Begin PBXGroup section */
		0867FFB82CEE73EB00D89FD4 /* UI */ = {
			isa = PBXGroup;
			children = (
				0867FFB92CEE73FA00D89FD4 /* AddFormView.swift */,
				080688492CF0A1E100A81E66 /* DividerView.swift */,
			);
			path = UI;
			sourceTree = "<group>";
		};
		088D5D882CEE42E60034A053 /* Service */ = {
			isa = PBXGroup;
			children = (
				088D5D892CEE42FC0034A053 /* HabbitService.swift */,
			);
			path = Service;
			sourceTree = "<group>";
		};
		08F98D902CEE35C800F85677 = {
			isa = PBXGroup;
			children = (
				08F98D9B2CEE35C800F85677 /* HabbitApp */,
				08F98D9A2CEE35C800F85677 /* Products */,
			);
			sourceTree = "<group>";
		};
		08F98D9A2CEE35C800F85677 /* Products */ = {
			isa = PBXGroup;
			children = (
				08F98D992CEE35C800F85677 /* HabbitApp.app */,
			);
			name = Products;
			sourceTree = "<group>";
		};
		08F98D9B2CEE35C800F85677 /* HabbitApp */ = {
			isa = PBXGroup;
			children = (
				088D5D882CEE42E60034A053 /* Service */,
				08F98DAC2CEE383600F85677 /* ViewModels */,
				08F98DAB2CEE382200F85677 /* Models */,
				08F98DAA2CEE381B00F85677 /* Views */,
				08F98D9C2CEE35C900F85677 /* HabbitAppApp.swift */,
				08F98DA02CEE35CA00F85677 /* Assets.xcassets */,
				08F98DA22CEE35CA00F85677 /* Preview Content */,
			);
			path = HabbitApp;
			sourceTree = "<group>";
		};
		08F98DA22CEE35CA00F85677 /* Preview Content */ = {
			isa = PBXGroup;
			children = (
				08F98DA32CEE35CA00F85677 /* Preview Assets.xcassets */,
			);
			path = "Preview Content";
			sourceTree = "<group>";
		};
		08F98DAA2CEE381B00F85677 /* Views */ = {
			isa = PBXGroup;
			children = (
				0867FFB82CEE73EB00D89FD4 /* UI */,
				08F98D9E2CEE35C900F85677 /* ContentView.swift */,
				082B08432CEFD07C0073EBD7 /* DetailsView.swift */,
			);
			path = Views;
			sourceTree = "<group>";
		};
		08F98DAB2CEE382200F85677 /* Models */ = {
			isa = PBXGroup;
			children = (
				08F98DAD2CEE388500F85677 /* Habbits.swift */,
			);
			path = Models;
			sourceTree = "<group>";
		};
		08F98DAC2CEE383600F85677 /* ViewModels */ = {
			isa = PBXGroup;
			children = (
				088D5D862CEE3A8C0034A053 /* HabbitListViewModel.swift */,
			);
			path = ViewModels;
			sourceTree = "<group>";
		};
/* End PBXGroup section */

/* Begin PBXNativeTarget section */
		08F98D982CEE35C800F85677 /* HabbitApp */ = {
			isa = PBXNativeTarget;
			buildConfigurationList = 08F98DA72CEE35CA00F85677 /* Build configuration list for PBXNativeTarget "HabbitApp" */;
			buildPhases = (
				08F98D952CEE35C800F85677 /* Sources */,
				08F98D962CEE35C800F85677 /* Frameworks */,
				08F98D972CEE35C800F85677 /* Resources */,
			);
			buildRules = (
			);
			dependencies = (
			);
			name = HabbitApp;
			productName = HabbitApp;
			productReference = 08F98D992CEE35C800F85677 /* HabbitApp.app */;
			productType = "com.apple.product-type.application";
		};
/* End PBXNativeTarget section */

/* Begin PBXProject section */
		08F98D912CEE35C800F85677 /* Project object */ = {
			isa = PBXProject;
			attributes = {
				BuildIndependentTargetsInParallel = 1;
				LastSwiftUpdateCheck = 1540;
				LastUpgradeCheck = 1540;
				TargetAttributes = {
					08F98D982CEE35C800F85677 = {
						CreatedOnToolsVersion = 15.4;
					};
				};
			};
			buildConfigurationList = 08F98D942CEE35C800F85677 /* Build configuration list for PBXProject "HabbitApp" */;
			compatibilityVersion = "Xcode 14.0";
			developmentRegion = en;
			hasScannedForEncodings = 0;
			knownRegions = (
				en,
				Base,
			);
			mainGroup = 08F98D902CEE35C800F85677;
			productRefGroup = 08F98D9A2CEE35C800F85677 /* Products */;
			projectDirPath = "";
			projectRoot = "";
			targets = (
				08F98D982CEE35C800F85677 /* HabbitApp */,
			);
		};
/* End PBXProject section */

/* Begin PBXResourcesBuildPhase section */
		08F98D972CEE35C800F85677 /* Resources */ = {
			isa = PBXResourcesBuildPhase;
			buildActionMask = 2147483647;
			files = (
				08F98DA42CEE35CA00F85677 /* Preview Assets.xcassets in Resources */,
				08F98DA12CEE35CA00F85677 /* Assets.xcassets in Resources */,
			);
			runOnlyForDeploymentPostprocessing = 0;
		};
/* End PBXResourcesBuildPhase section */

/* Begin PBXSourcesBuildPhase section */
		08F98D952CEE35C800F85677 /* Sources */ = {
			isa = PBXSourcesBuildPhase;
			buildActionMask = 2147483647;
			files = (
				08F98D9F2CEE35C900F85677 /* ContentView.swift in Sources */,
				082B08442CEFD07C0073EBD7 /* DetailsView.swift in Sources */,
				08F98D9D2CEE35C900F85677 /* HabbitAppApp.swift in Sources */,
				0867FFBA2CEE73FA00D89FD4 /* AddFormView.swift in Sources */,
				088D5D8A2CEE42FC0034A053 /* HabbitService.swift in Sources */,
				088D5D872CEE3A8C0034A053 /* HabbitListViewModel.swift in Sources */,
				0806884A2CF0A1E100A81E66 /* DividerView.swift in Sources */,
				08F98DAE2CEE388500F85677 /* Habbits.swift in Sources */,
			);
			runOnlyForDeploymentPostprocessing = 0;
		};
/* End PBXSourcesBuildPhase section */

/* Begin XCBuildConfiguration section */
		08F98DA52CEE35CA00F85677 /* Debug */ = {
			isa = XCBuildConfiguration;
			buildSettings = {
				ALWAYS_SEARCH_USER_PATHS = NO;
				ASSETCATALOG_COMPILER_GENERATE_SWIFT_ASSET_SYMBOL_EXTENSIONS = YES;
				CLANG_ANALYZER_NONNULL = YES;
				CLANG_ANALYZER_NUMBER_OBJECT_CONVERSION = YES_AGGRESSIVE;
				CLANG_CXX_LANGUAGE_STANDARD = "gnu++20";
				CLANG_ENABLE_MODULES = YES;
				CLANG_ENABLE_OBJC_ARC = YES;
				CLANG_ENABLE_OBJC_WEAK = YES;
				CLANG_WARN_BLOCK_CAPTURE_AUTORELEASING = YES;
				CLANG_WARN_BOOL_CONVERSION = YES;
				CLANG_WARN_COMMA = YES;
				CLANG_WARN_CONSTANT_CONVERSION = YES;
				CLANG_WARN_DEPRECATED_OBJC_IMPLEMENTATIONS = YES;
				CLANG_WARN_DIRECT_OBJC_ISA_USAGE = YES_ERROR;
				CLANG_WARN_DOCUMENTATION_COMMENTS = YES;
				CLANG_WARN_EMPTY_BODY = YES;
				CLANG_WARN_ENUM_CONVERSION = YES;
				CLANG_WARN_INFINITE_RECURSION = YES;
				CLANG_WARN_INT_CONVERSION = YES;
				CLANG_WARN_NON_LITERAL_NULL_CONVERSION = YES;
				CLANG_WARN_OBJC_IMPLICIT_RETAIN_SELF = YES;
				CLANG_WARN_OBJC_LITERAL_CONVERSION = YES;
				CLANG_WARN_OBJC_ROOT_CLASS = YES_ERROR;
				CLANG_WARN_QUOTED_INCLUDE_IN_FRAMEWORK_HEADER = YES;
				CLANG_WARN_RANGE_LOOP_ANALYSIS = YES;
				CLANG_WARN_STRICT_PROTOTYPES = YES;
				CLANG_WARN_SUSPICIOUS_MOVE = YES;
				CLANG_WARN_UNGUARDED_AVAILABILITY = YES_AGGRESSIVE;
				CLANG_WARN_UNREACHABLE_CODE = YES;
				CLANG_WARN__DUPLICATE_METHOD_MATCH = YES;
				COPY_PHASE_STRIP = NO;
				DEBUG_INFORMATION_FORMAT = dwarf;
				ENABLE_STRICT_OBJC_MSGSEND = YES;
				ENABLE_TESTABILITY = YES;
				ENABLE_USER_SCRIPT_SANDBOXING = YES;
				GCC_C_LANGUAGE_STANDARD = gnu17;
				GCC_DYNAMIC_NO_PIC = NO;
				GCC_NO_COMMON_BLOCKS = YES;
				GCC_OPTIMIZATION_LEVEL = 0;
				GCC_PREPROCESSOR_DEFINITIONS = (
					"DEBUG=1",
					"$(inherited)",
				);
				GCC_WARN_64_TO_32_BIT_CONVERSION = YES;
				GCC_WARN_ABOUT_RETURN_TYPE = YES_ERROR;
				GCC_WARN_UNDECLARED_SELECTOR = YES;
				GCC_WARN_UNINITIALIZED_AUTOS = YES_AGGRESSIVE;
				GCC_WARN_UNUSED_FUNCTION = YES;
				GCC_WARN_UNUSED_VARIABLE = YES;
				IPHONEOS_DEPLOYMENT_TARGET = 17.5;
				LOCALIZATION_PREFERS_STRING_CATALOGS = YES;
				MTL_ENABLE_DEBUG_INFO = INCLUDE_SOURCE;
				MTL_FAST_MATH = YES;
				ONLY_ACTIVE_ARCH = YES;
				SDKROOT = iphoneos;
				SWIFT_ACTIVE_COMPILATION_CONDITIONS = "DEBUG $(inherited)";
				SWIFT_OPTIMIZATION_LEVEL = "-Onone";
			};
			name = Debug;
		};
		08F98DA62CEE35CA00F85677 /* Release */ = {
			isa = XCBuildConfiguration;
			buildSettings = {
				ALWAYS_SEARCH_USER_PATHS = NO;
				ASSETCATALOG_COMPILER_GENERATE_SWIFT_ASSET_SYMBOL_EXTENSIONS = YES;
				CLANG_ANALYZER_NONNULL = YES;
				CLANG_ANALYZER_NUMBER_OBJECT_CONVERSION = YES_AGGRESSIVE;
				CLANG_CXX_LANGUAGE_STANDARD = "gnu++20";
				CLANG_ENABLE_MODULES = YES;
				CLANG_ENABLE_OBJC_ARC = YES;
				CLANG_ENABLE_OBJC_WEAK = YES;
				CLANG_WARN_BLOCK_CAPTURE_AUTORELEASING = YES;
				CLANG_WARN_BOOL_CONVERSION = YES;
				CLANG_WARN_COMMA = YES;
				CLANG_WARN_CONSTANT_CONVERSION = YES;
				CLANG_WARN_DEPRECATED_OBJC_IMPLEMENTATIONS = YES;
				CLANG_WARN_DIRECT_OBJC_ISA_USAGE = YES_ERROR;
				CLANG_WARN_DOCUMENTATION_COMMENTS = YES;
				CLANG_WARN_EMPTY_BODY = YES;
				CLANG_WARN_ENUM_CONVERSION = YES;
				CLANG_WARN_INFINITE_RECURSION = YES;
				CLANG_WARN_INT_CONVERSION = YES;
				CLANG_WARN_NON_LITERAL_NULL_CONVERSION = YES;
				CLANG_WARN_OBJC_IMPLICIT_RETAIN_SELF = YES;
				CLANG_WARN_OBJC_LITERAL_CONVERSION = YES;
				CLANG_WARN_OBJC_ROOT_CLASS = YES_ERROR;
				CLANG_WARN_QUOTED_INCLUDE_IN_FRAMEWORK_HEADER = YES;
				CLANG_WARN_RANGE_LOOP_ANALYSIS = YES;
				CLANG_WARN_STRICT_PROTOTYPES = YES;
				CLANG_WARN_SUSPICIOUS_MOVE = YES;
				CLANG_WARN_UNGUARDED_AVAILABILITY = YES_AGGRESSIVE;
				CLANG_WARN_UNREACHABLE_CODE = YES;
				CLANG_WARN__DUPLICATE_METHOD_MATCH = YES;
				COPY_PHASE_STRIP = NO;
				DEBUG_INFORMATION_FORMAT = "dwarf-with-dsym";
				ENABLE_NS_ASSERTIONS = NO;
				ENABLE_STRICT_OBJC_MSGSEND = YES;
				ENABLE_USER_SCRIPT_SANDBOXING = YES;
				GCC_C_LANGUAGE_STANDARD = gnu17;
				GCC_NO_COMMON_BLOCKS = YES;
				GCC_WARN_64_TO_32_BIT_CONVERSION = YES;
				GCC_WARN_ABOUT_RETURN_TYPE = YES_ERROR;
				GCC_WARN_UNDECLARED_SELECTOR = YES;
				GCC_WARN_UNINITIALIZED_AUTOS = YES_AGGRESSIVE;
				GCC_WARN_UNUSED_FUNCTION = YES;
				GCC_WARN_UNUSED_VARIABLE = YES;
				IPHONEOS_DEPLOYMENT_TARGET = 17.5;
				LOCALIZATION_PREFERS_STRING_CATALOGS = YES;
				MTL_ENABLE_DEBUG_INFO = NO;
				MTL_FAST_MATH = YES;
				SDKROOT = iphoneos;
				SWIFT_COMPILATION_MODE = wholemodule;
				VALIDATE_PRODUCT = YES;
			};
			name = Release;
		};
		08F98DA82CEE35CA00F85677 /* Debug */ = {
			isa = XCBuildConfiguration;
			buildSettings = {
				ASSETCATALOG_COMPILER_APPICON_NAME = AppIcon;
				ASSETCATALOG_COMPILER_GLOBAL_ACCENT_COLOR_NAME = AccentColor;
				CODE_SIGN_STYLE = Automatic;
				CURRENT_PROJECT_VERSION = 1;
				DEVELOPMENT_ASSET_PATHS = "\"HabbitApp/Preview Content\"";
				DEVELOPMENT_TEAM = NR9549DC5S;
				ENABLE_PREVIEWS = YES;
				GENERATE_INFOPLIST_FILE = YES;
				INFOPLIST_KEY_UIApplicationSceneManifest_Generation = YES;
				INFOPLIST_KEY_UIApplicationSupportsIndirectInputEvents = YES;
				INFOPLIST_KEY_UILaunchScreen_Generation = YES;
				INFOPLIST_KEY_UISupportedInterfaceOrientations_iPad = "UIInterfaceOrientationPortrait UIInterfaceOrientationPortraitUpsideDown UIInterfaceOrientationLandscapeLeft UIInterfaceOrientationLandscapeRight";
				INFOPLIST_KEY_UISupportedInterfaceOrientations_iPhone = "UIInterfaceOrientationPortrait UIInterfaceOrientationLandscapeLeft UIInterfaceOrientationLandscapeRight";
				LD_RUNPATH_SEARCH_PATHS = (
					"$(inherited)",
					"@executable_path/Frameworks",
				);
				MARKETING_VERSION = 1.0;
				PRODUCT_BUNDLE_IDENTIFIER = Manx.HabbitApp;
				PRODUCT_NAME = "$(TARGET_NAME)";
				SWIFT_EMIT_LOC_STRINGS = YES;
				SWIFT_VERSION = 5.0;
				TARGETED_DEVICE_FAMILY = "1,2";
			};
			name = Debug;
		};
		08F98DA92CEE35CA00F85677 /* Release */ = {
			isa = XCBuildConfiguration;
			buildSettings = {
				ASSETCATALOG_COMPILER_APPICON_NAME = AppIcon;
				ASSETCATALOG_COMPILER_GLOBAL_ACCENT_COLOR_NAME = AccentColor;
				CODE_SIGN_STYLE = Automatic;
				CURRENT_PROJECT_VERSION = 1;
				DEVELOPMENT_ASSET_PATHS = "\"HabbitApp/Preview Content\"";
				DEVELOPMENT_TEAM = NR9549DC5S;
				ENABLE_PREVIEWS = YES;
				GENERATE_INFOPLIST_FILE = YES;
				INFOPLIST_KEY_UIApplicationSceneManifest_Generation = YES;
				INFOPLIST_KEY_UIApplicationSupportsIndirectInputEvents = YES;
				INFOPLIST_KEY_UILaunchScreen_Generation = YES;
				INFOPLIST_KEY_UISupportedInterfaceOrientations_iPad = "UIInterfaceOrientationPortrait UIInterfaceOrientationPortraitUpsideDown UIInterfaceOrientationLandscapeLeft UIInterfaceOrientationLandscapeRight";
				INFOPLIST_KEY_UISupportedInterfaceOrientations_iPhone = "UIInterfaceOrientationPortrait UIInterfaceOrientationLandscapeLeft UIInterfaceOrientationLandscapeRight";
				LD_RUNPATH_SEARCH_PATHS = (
					"$(inherited)",
					"@executable_path/Frameworks",
				);
				MARKETING_VERSION = 1.0;
				PRODUCT_BUNDLE_IDENTIFIER = Manx.HabbitApp;
				PRODUCT_NAME = "$(TARGET_NAME)";
				SWIFT_EMIT_LOC_STRINGS = YES;
				SWIFT_VERSION = 5.0;
				TARGETED_DEVICE_FAMILY = "1,2";
			};
			name = Release;
		};
/* End XCBuildConfiguration section */

/* Begin XCConfigurationList section */
		08F98D942CEE35C800F85677 /* Build configuration list for PBXProject "HabbitApp" */ = {
			isa = XCConfigurationList;
			buildConfigurations = (
				08F98DA52CEE35CA00F85677 /* Debug */,
				08F98DA62CEE35CA00F85677 /* Release */,
			);
			defaultConfigurationIsVisible = 0;
			defaultConfigurationName = Release;
		};
		08F98DA72CEE35CA00F85677 /* Build configuration list for PBXNativeTarget "HabbitApp" */ = {
			isa = XCConfigurationList;
			buildConfigurations = (
				08F98DA82CEE35CA00F85677 /* Debug */,
				08F98DA92CEE35CA00F85677 /* Release */,
			);
			defaultConfigurationIsVisible = 0;
			defaultConfigurationName = Release;
		};
/* End XCConfigurationList section */
	};
	rootObject = 08F98D912CEE35C800F85677 /* Project object */;
}
